
Microsoft Visual Studio Solution File, Format Version 12.00
# Visual Studio Version 17
VisualStudioVersion = 17.1.32210.238
MinimumVisualStudioVersion = 10.0.40219.1
Project("{FAE04EC0-301F-11D3-BF4B-00C04F79EFBC}") = "Task_Casting_Implicit_Explicit_OperatorOverloading", "Task_Casting_Implicit_Explicit_OperatorOverloading\Task_Casting_Implicit_Explicit_OperatorOverloading.csproj", "{4297E619-7318-4A74-831B-F3AD55ADAB00}"
EndProject
Global
	GlobalSection(SolutionConfigurationPlatforms) = preSolution
		Debug|Any CPU = Debug|Any CPU
		Release|Any CPU = Release|Any CPU
	EndGlobalSection
	GlobalSection(ProjectConfigurationPlatforms) = postSolution
		{4297E619-7318-4A74-831B-F3AD55ADAB00}.Debug|Any CPU.ActiveCfg = Debug|Any CPU
		{4297E619-7318-4A74-831B-F3AD55ADAB00}.Debug|Any CPU.Build.0 = Debug|Any CPU
		{4297E619-7318-4A74-831B-F3AD55ADAB00}.Release|Any CPU.ActiveCfg = Release|Any CPU
		{4297E619-7318-4A74-831B-F3AD55ADAB00}.Release|Any CPU.Build.0 = Release|Any CPU
	EndGlobalSection
	GlobalSection(SolutionProperties) = preSolution
		HideSolutionNode = FALSE
	EndGlobalSection
	GlobalSection(ExtensibilityGlobals) = postSolution
		SolutionGuid = {0B2DF1B1-3049-4060-A7B4-06DA57F3E7C0}
	EndGlobalSection
EndGlobal
